
Microsoft Visual Studio Solution File, Format Version 12.00
# Visual Studio 14
VisualStudioVersion = 14.0.25420.1
MinimumVisualStudioVersion = 10.0.40219.1
Project("{FAE04EC0-301F-11D3-BF4B-00C04F79EFBC}") = "SnippetPackTemplate", "src\ProjectTemplate\SnippetPackTemplate.csproj", "{7F494638-3F9D-476A-B660-FE46EC6433DC}"
EndProject
Project("{FAE04EC0-301F-11D3-BF4B-00C04F79EFBC}") = "SnippetPackVsix", "src\Vsix\SnippetPackVsix.csproj", "{B68FC6BD-6C06-4640-9BDC-FCD266603FF9}"
EndProject
Project("{2150E333-8FDC-42A3-9474-1A3956D46DE8}") = "Solution Items", "Solution Items", "{24315D16-55A5-4148-9BD8-525BFC5EF746}"
	ProjectSection(SolutionItems) = preProject
		appveyor.yml = appveyor.yml
		CHANGELOG.md = CHANGELOG.md
		README.md = README.md
	EndProjectSection
EndProject
Global
	GlobalSection(SolutionConfigurationPlatforms) = preSolution
		Debug|Any CPU = Debug|Any CPU
		Release|Any CPU = Release|Any CPU
	EndGlobalSection
	GlobalSection(ProjectConfigurationPlatforms) = postSolution
		{7F494638-3F9D-476A-B660-FE46EC6433DC}.Debug|Any CPU.ActiveCfg = Debug|Any CPU
		{7F494638-3F9D-476A-B660-FE46EC6433DC}.Debug|Any CPU.Build.0 = Debug|Any CPU
		{7F494638-3F9D-476A-B660-FE46EC6433DC}.Release|Any CPU.ActiveCfg = Release|Any CPU
		{7F494638-3F9D-476A-B660-FE46EC6433DC}.Release|Any CPU.Build.0 = Release|Any CPU
		{B68FC6BD-6C06-4640-9BDC-FCD266603FF9}.Debug|Any CPU.ActiveCfg = Debug|Any CPU
		{B68FC6BD-6C06-4640-9BDC-FCD266603FF9}.Debug|Any CPU.Build.0 = Debug|Any CPU
		{B68FC6BD-6C06-4640-9BDC-FCD266603FF9}.Release|Any CPU.ActiveCfg = Release|Any CPU
		{B68FC6BD-6C06-4640-9BDC-FCD266603FF9}.Release|Any CPU.Build.0 = Release|Any CPU
	EndGlobalSection
	GlobalSection(SolutionProperties) = preSolution
		HideSolutionNode = FALSE
	EndGlobalSection
EndGlobal
